
Microsoft Visual Studio Solution File, Format Version 12.00
Project("{FAE04EC0-301F-11D3-BF4B-00C04F79EFBC}") = "LicensePermssion", "LicensePermssion\LicensePermssion.csproj", "{331CF1D4-40EC-47CC-8A27-A2D383E47E50}"
EndProject
Project("{FAE04EC0-301F-11D3-BF4B-00C04F79EFBC}") = "CoreBussiness", "CoreBussiness\CoreBussiness.csproj", "{8F8CF441-0E5A-45A8-9854-6C09F71D1C25}"
EndProject
Project("{FAE04EC0-301F-11D3-BF4B-00C04F79EFBC}") = "CoreStorage", "CoreStorage\CoreStorage.csproj", "{5C5E7E9C-76C5-447E-ADF3-C2098C8BB748}"
EndProject
Project("{FAE04EC0-301F-11D3-BF4B-00C04F79EFBC}") = "CoreApplication", "CoreApplication\CoreApplication.csproj", "{D45BB2EE-0567-4F11-BBCF-03B16CD5F284}"
EndProject
Project("{FAE04EC0-301F-11D3-BF4B-00C04F79EFBC}") = "CoreStructure", "CoreStructure\CoreStructure.csproj", "{C7AAA770-9293-4896-A1E4-E68FD94C2E87}"
EndProject
Global
	GlobalSection(SolutionConfigurationPlatforms) = preSolution
		Debug|Any CPU = Debug|Any CPU
		Release|Any CPU = Release|Any CPU
	EndGlobalSection
	GlobalSection(ProjectConfigurationPlatforms) = postSolution
		{331CF1D4-40EC-47CC-8A27-A2D383E47E50}.Debug|Any CPU.ActiveCfg = Debug|Any CPU
		{331CF1D4-40EC-47CC-8A27-A2D383E47E50}.Debug|Any CPU.Build.0 = Debug|Any CPU
		{331CF1D4-40EC-47CC-8A27-A2D383E47E50}.Release|Any CPU.ActiveCfg = Release|Any CPU
		{331CF1D4-40EC-47CC-8A27-A2D383E47E50}.Release|Any CPU.Build.0 = Release|Any CPU
		{8F8CF441-0E5A-45A8-9854-6C09F71D1C25}.Debug|Any CPU.ActiveCfg = Debug|Any CPU
		{8F8CF441-0E5A-45A8-9854-6C09F71D1C25}.Debug|Any CPU.Build.0 = Debug|Any CPU
		{8F8CF441-0E5A-45A8-9854-6C09F71D1C25}.Release|Any CPU.ActiveCfg = Release|Any CPU
		{8F8CF441-0E5A-45A8-9854-6C09F71D1C25}.Release|Any CPU.Build.0 = Release|Any CPU
		{5C5E7E9C-76C5-447E-ADF3-C2098C8BB748}.Debug|Any CPU.ActiveCfg = Debug|Any CPU
		{5C5E7E9C-76C5-447E-ADF3-C2098C8BB748}.Debug|Any CPU.Build.0 = Debug|Any CPU
		{5C5E7E9C-76C5-447E-ADF3-C2098C8BB748}.Release|Any CPU.ActiveCfg = Release|Any CPU
		{5C5E7E9C-76C5-447E-ADF3-C2098C8BB748}.Release|Any CPU.Build.0 = Release|Any CPU
		{D45BB2EE-0567-4F11-BBCF-03B16CD5F284}.Debug|Any CPU.ActiveCfg = Debug|Any CPU
		{D45BB2EE-0567-4F11-BBCF-03B16CD5F284}.Debug|Any CPU.Build.0 = Debug|Any CPU
		{D45BB2EE-0567-4F11-BBCF-03B16CD5F284}.Release|Any CPU.ActiveCfg = Release|Any CPU
		{D45BB2EE-0567-4F11-BBCF-03B16CD5F284}.Release|Any CPU.Build.0 = Release|Any CPU
		{C7AAA770-9293-4896-A1E4-E68FD94C2E87}.Debug|Any CPU.ActiveCfg = Debug|Any CPU
		{C7AAA770-9293-4896-A1E4-E68FD94C2E87}.Debug|Any CPU.Build.0 = Debug|Any CPU
		{C7AAA770-9293-4896-A1E4-E68FD94C2E87}.Release|Any CPU.ActiveCfg = Release|Any CPU
		{C7AAA770-9293-4896-A1E4-E68FD94C2E87}.Release|Any CPU.Build.0 = Release|Any CPU
	EndGlobalSection
EndGlobal
